PODS:
  - MediaPipeTasksCommon (0.10.35)
  - MediaPipeTasksVision (0.10.35):
    - MediaPipeTasksCommon (= 0.10.35)

DEPENDENCIES:
  - MediaPipeTasksVision (~> 0.10.14)

SPEC REPOS:
  trunk:
    - MediaPipeTasksCommon
    - MediaPipeTasksVision

SPEC CHECKSUMS:
  MediaPipeTasksCommon: ae27d88c4d185db114a1a768c504f8270dda79b5
  MediaPipeTasksVision: 1d6c3efa89830a131dbd0dc4fb80dea283fac521

PODFILE CHECKSUM: 1f06760bca5d47c994f85025b2d1b95319458268

COCOAPODS: 1.16.2
